// !$*UTF8*$!
{
	archiveVersion = 1;
	classes = {
	};
	objectVersion = 56;
	objects = {

/* Begin PBXBuildFile section */
		4B411AAC2B55BF7D00F9D78C /* SportsTrackerApp.swift in Sources */ = {isa = PBXBuildFile; fileRef = 4B411AAB2B55BF7D00F9D78C /* SportsTrackerApp.swift */; };
		4B411AAE2B55BF7D00F9D78C /* ContentView.swift in Sources */ = {isa = PBXBuildFile; fileRef = 4B411AAD2B55BF7D00F9D78C /* ContentView.swift */; };
		4B411AB02B55BF7F00F9D78C /* Assets.xcassets in Resources */ = {isa = PBXBuildFile; fileRef = 4B411AAF2B55BF7F00F9D78C /* Assets.xcassets */; };
		4B411AB32B55BF7F00F9D78C /* Preview Assets.xcassets in Resources */ = {isa = PBXBuildFile; fileRef = 4B411AB22B55BF7F00F9D78C /* Preview Assets.xcassets */; };
		4B411ABD2B55BF7F00F9D78C /* SportsTrackerTests.swift in Sources */ = {isa = PBXBuildFile; fileRef = 4B411ABC2B55BF7F00F9D78C /* SportsTrackerTests.swift */; };
		4B411AC72B55BF7F00F9D78C /* SportsTrackerUITests.swift in Sources */ = {isa = PBXBuildFile; fileRef = 4B411AC62B55BF7F00F9D78C /* SportsTrackerUITests.swift */; };
		4B411AC92B55BF7F00F9D78C /* SportsTrackerUITestsLaunchTests.swift in Sources */ = {isa = PBXBuildFile; fileRef = 4B411AC82B55BF7F00F9D78C /* SportsTrackerUITestsLaunchTests.swift */; };
/* End PBXBuildFile section */

/* Begin PBXContainerItemProxy section */
		4B411AB92B55BF7F00F9D78C /* PBXContainerItemProxy */ = {
			isa = PBXContainerItemProxy;
			containerPortal = 4B411AA02B55BF7D00F9D78C /* Project object */;
			proxyType = 1;
			remoteGlobalIDString = 4B411AA72B55BF7D00F9D78C;
			remoteInfo = SportsTracker;
		};
		4B411AC32B55BF7F00F9D78C /* PBXContainerItemProxy */ = {
			isa = PBXContainerItemProxy;
			containerPortal = 4B411AA02B55BF7D00F9D78C /* Project object */;
			proxyType = 1;
			remoteGlobalIDString = 4B411AA72B55BF7D00F9D78C;
			remoteInfo = SportsTracker;
		};
/* End PBXContainerItemProxy section */

/* Begin PBXFileReference section */
		4B411AA82B55BF7D00F9D78C /* SportsTracker.app */ = {isa = PBXFileReference; explicitFileType = wrapper.application; includeInIndex = 0; path = SportsTracker.app; sourceTree = BUILT_PRODUCTS_DIR; };
		4B411AAB2B55BF7D00F9D78C /* SportsTrackerApp.swift */ = {isa = PBXFileReference; lastKnownFileType = sourcecode.swift; path = SportsTrackerApp.swift; sourceTree = "<group>"; };
		4B411AAD2B55BF7D00F9D78C /* ContentView.swift */ = {isa = PBXFileReference; lastKnownFileType = sourcecode.swift; path = ContentView.swift; sourceTree = "<group>"; };
		4B411AAF2B55BF7F00F9D78C /* Assets.xcassets */ = {isa = PBXFileReference; lastKnownFileType = folder.assetcatalog; path = Assets.xcassets; sourceTree = "<group>"; };
		4B411AB22B55BF7F00F9D78C /* Preview Assets.xcassets */ = {isa = PBXFileReference; lastKnownFileType = folder.assetcatalog; path = "Preview Assets.xcassets"; sourceTree = "<group>"; };
		4B411AB82B55BF7F00F9D78C /* SportsTrackerTests.xctest */ = {isa = PBXFileReference; explicitFileType = wrapper.cfbundle; includeInIndex = 0; path = SportsTrackerTests.xctest; sourceTree = BUILT_PRODUCTS_DIR; };
		4B411ABC2B55BF7F00F9D78C /* SportsTrackerTests.swift */ = {isa = PBXFileReference; lastKnownFileType = sourcecode.swift; path = SportsTrackerTests.swift; sourceTree = "<group>"; };
		4B411AC22B55BF7F00F9D78C /* SportsTrackerUITests.xctest */ = {isa = PBXFileReference; explicitFileType = wrapper.cfbundle; includeInIndex = 0; path = SportsTrackerUITests.xctest; sourceTree = BUILT_PRODUCTS_DIR; };
		4B411AC62B55BF7F00F9D78C /* SportsTrackerUITests.swift */ = {isa = PBXFileReference; lastKnownFileType = sourcecode.swift; path = SportsTrackerUITests.swift; sourceTree = "<group>"; };
		4B411AC82B55BF7F00F9D78C /* SportsTrackerUITestsLaunchTests.swift */ = {isa = PBXFileReference; lastKnownFileType = sourcecode.swift; path = SportsTrackerUITestsLaunchTests.swift; sourceTree = "<group>"; };
/* End PBXFileReference section */

/* Begin PBXFrameworksBuildPhase section */
		4B411AA52B55BF7D00F9D78C /* Frameworks */ = {
			isa = PBXFrameworksBuildPhase;
			buildActionMask = 2147483647;
			files = (
			);
			runOnlyForDeploymentPostprocessing = 0;
		};
		4B411AB52B55BF7F00F9D78C /* Frameworks */ = {
			isa = PBXFrameworksBuildPhase;
			buildActionMask = 2147483647;
			files = (
			);
			runOnlyForDeploymentPostprocessing = 0;
		};
		4B411ABF2B55BF7F00F9D78C /* Frameworks */ = {
			isa = PBXFrameworksBuildPhase;
			buildActionMask = 2147483647;
			files = (
			);
			runOnlyForDeploymentPostprocessing = 0;
		};
/* End PBXFrameworksBuildPhase section */

/* Begin PBXGroup section */
		4B411A9F2B55BF7D00F9D78C = {
			isa = PBXGroup;
			children = (
				4B411AAA2B55BF7D00F9D78C /* SportsTracker */,
				4B411ABB2B55BF7F00F9D78C /* SportsTrackerTests */,
				4B411AC52B55BF7F00F9D78C /* SportsTrackerUITests */,
				4B411AA92B55BF7D00F9D78C /* Products */,
			);
			sourceTree = "<group>";
		};
		4B411AA92B55BF7D00F9D78C /* Products */ = {
			isa = PBXGroup;
			children = (
				4B411AA82B55BF7D00F9D78C /* SportsTracker.app */,
				4B411AB82B55BF7F00F9D78C /* SportsTrackerTests.xctest */,
				4B411AC22B55BF7F00F9D78C /* SportsTrackerUITests.xctest */,
			);
			name = Products;
			sourceTree = "<group>";
		};
		4B411AAA2B55BF7D00F9D78C /* SportsTracker */ = {
			isa = PBXGroup;
			children = (
				4B411AAB2B55BF7D00F9D78C /* SportsTrackerApp.swift */,
				4B411AAD2B55BF7D00F9D78C /* ContentView.swift */,
				4B411AAF2B55BF7F00F9D78C /* Assets.xcassets */,
				4B411AB12B55BF7F00F9D78C /* Preview Content */,
			);
			path = SportsTracker;
			sourceTree = "<group>";
		};
		4B411AB12B55BF7F00F9D78C /* Preview Content */ = {
			isa = PBXGroup;
			children = (
				4B411AB22B55BF7F00F9D78C /* Preview Assets.xcassets */,
			);
			path = "Preview Content";
			sourceTree = "<group>";
		};
		4B411ABB2B55BF7F00F9D78C /* SportsTrackerTests */ = {
			isa = PBXGroup;
			children = (
				4B411ABC2B55BF7F00F9D78C /* SportsTrackerTests.swift */,
			);
			path = SportsTrackerTests;
			sourceTree = "<group>";
		};
		4B411AC52B55BF7F00F9D78C /* SportsTrackerUITests */ = {
			isa = PBXGroup;
			children = (
				4B411AC62B55BF7F00F9D78C /* SportsTrackerUITests.swift */,
				4B411AC82B55BF7F00F9D78C /* SportsTrackerUITestsLaunchTests.swift */,
			);
			path = SportsTrackerUITests;
			sourceTree = "<group>";
		};
/* End PBXGroup section */

/* Begin PBXNativeTarget section */
		4B411AA72B55BF7D00F9D78C /* SportsTracker */ = {
			isa = PBXNativeTarget;
			buildConfigurationList = 4B411ACC2B55BF7F00F9D78C /* Build configuration list for PBXNativeTarget "SportsTracker" */;
			buildPhases = (
				4B411AA42B55BF7D00F9D78C /* Sources */,
				4B411AA52B55BF7D00F9D78C /* Frameworks */,
				4B411AA62B55BF7D00F9D78C /* Resources */,
			);
			buildRules = (
			);
			dependencies = (
			);
			name = SportsTracker;
			productName = SportsTracker;
			productReference = 4B411AA82B55BF7D00F9D78C /* SportsTracker.app */;
			productType = "com.apple.product-type.application";
		};
		4B411AB72B55BF7F00F9D78C /* SportsTrackerTests */ = {
			isa = PBXNativeTarget;
			buildConfigurationList = 4B411ACF2B55BF7F00F9D78C /* Build configuration list for PBXNativeTarget "SportsTrackerTests" */;
			buildPhases = (
				4B411AB42B55BF7F00F9D78C /* Sources */,
				4B411AB52B55BF7F00F9D78C /* Frameworks */,
				4B411AB62B55BF7F00F9D78C /* Resources */,
			);
			buildRules = (
			);
			dependencies = (
				4B411ABA2B55BF7F00F9D78C /* PBXTargetDependency */,
			);
			name = SportsTrackerTests;
			productName = SportsTrackerTests;
			productReference = 4B411AB82B55BF7F00F9D78C /* SportsTrackerTests.xctest */;
			productType = "com.apple.product-type.bundle.unit-test";
		};
		4B411AC12B55BF7F00F9D78C /* SportsTrackerUITests */ = {
			isa = PBXNativeTarget;
			buildConfigurationList = 4B411AD22B55BF7F00F9D78C /* Build configuration list for PBXNativeTarget "SportsTrackerUITests" */;
			buildPhases = (
				4B411ABE2B55BF7F00F9D78C /* Sources */,
				4B411ABF2B55BF7F00F9D78C /* Frameworks */,
				4B411AC02B55BF7F00F9D78C /* Resources */,
			);
			buildRules = (
			);
			dependencies = (
				4B411AC42B55BF7F00F9D78C /* PBXTargetDependency */,
			);
			name = SportsTrackerUITests;
			productName = SportsTrackerUITests;
			productReference = 4B411AC22B55BF7F00F9D78C /* SportsTrackerUITests.xctest */;
			productType = "com.apple.product-type.bundle.ui-testing";
		};
/* End PBXNativeTarget section */

/* Begin PBXProject section */
		4B411AA02B55BF7D00F9D78C /* Project object */ = {
			isa = PBXProject;
			attributes = {
				BuildIndependentTargetsInParallel = 1;
				LastSwiftUpdateCheck = 1520;
				LastUpgradeCheck = 1520;
				TargetAttributes = {
					4B411AA72B55BF7D00F9D78C = {
						CreatedOnToolsVersion = 15.2;
					};
					4B411AB72B55BF7F00F9D78C = {
						CreatedOnToolsVersion = 15.2;
						TestTargetID = 4B411AA72B55BF7D00F9D78C;
					};
					4B411AC12B55BF7F00F9D78C = {
						CreatedOnToolsVersion = 15.2;
						TestTargetID = 4B411AA72B55BF7D00F9D78C;
					};
				};
			};
			buildConfigurationList = 4B411AA32B55BF7D00F9D78C /* Build configuration list for PBXProject "SportsTracker" */;
			compatibilityVersion = "Xcode 14.0";
			developmentRegion = en;
			hasScannedForEncodings = 0;
			knownRegions = (
				en,
				Base,
			);
			mainGroup = 4B411A9F2B55BF7D00F9D78C;
			productRefGroup = 4B411AA92B55BF7D00F9D78C /* Products */;
			projectDirPath = "";
			projectRoot = "";
			targets = (
				4B411AA72B55BF7D00F9D78C /* SportsTracker */,
				4B411AB72B55BF7F00F9D78C /* SportsTrackerTests */,
				4B411AC12B55BF7F00F9D78C /* SportsTrackerUITests */,
			);
		};
/* End PBXProject section */

/* Begin PBXResourcesBuildPhase section */
		4B411AA62B55BF7D00F9D78C /* Resources */ = {
			isa = PBXResourcesBuildPhase;
			buildActionMask = 2147483647;
			files = (
				4B411AB32B55BF7F00F9D78C /* Preview Assets.xcassets in Resources */,
				4B411AB02B55BF7F00F9D78C /* Assets.xcassets in Resources */,
			);
			runOnlyForDeploymentPostprocessing = 0;
		};
		4B411AB62B55BF7F00F9D78C /* Resources */ = {
			isa = PBXResourcesBuildPhase;
			buildActionMask = 2147483647;
			files = (
			);
			runOnlyForDeploymentPostprocessing = 0;
		};
		4B411AC02B55BF7F00F9D78C /* Resources */ = {
			isa = PBXResourcesBuildPhase;
			buildActionMask = 2147483647;
			files = (
			);
			runOnlyForDeploymentPostprocessing = 0;
		};
/* End PBXResourcesBuildPhase section */

/* Begin PBXSourcesBuildPhase section */
		4B411AA42B55BF7D00F9D78C /* Sources */ = {
			isa = PBXSourcesBuildPhase;
			buildActionMask = 2147483647;
			files = (
				4B411AAE2B55BF7D00F9D78C /* ContentView.swift in Sources */,
				4B411AAC2B55BF7D00F9D78C /* SportsTrackerApp.swift in Sources */,
			);
			runOnlyForDeploymentPostprocessing = 0;
		};
		4B411AB42B55BF7F00F9D78C /* Sources */ = {
			isa = PBXSourcesBuildPhase;
			buildActionMask = 2147483647;
			files = (
				4B411ABD2B55BF7F00F9D78C /* SportsTrackerTests.swift in Sources */,
			);
			runOnlyForDeploymentPostprocessing = 0;
		};
		4B411ABE2B55BF7F00F9D78C /* Sources */ = {
			isa = PBXSourcesBuildPhase;
			buildActionMask = 2147483647;
			files = (
				4B411AC92B55BF7F00F9D78C /* SportsTrackerUITestsLaunchTests.swift in Sources */,
				4B411AC72B55BF7F00F9D78C /* SportsTrackerUITests.swift in Sources */,
			);
			runOnlyForDeploymentPostprocessing = 0;
		};
/* End PBXSourcesBuildPhase section */

/* Begin PBXTargetDependency section */
		4B411ABA2B55BF7F00F9D78C /* PBXTargetDependency */ = {
			isa = PBXTargetDependency;
			target = 4B411AA72B55BF7D00F9D78C /* SportsTracker */;
			targetProxy = 4B411AB92B55BF7F00F9D78C /* PBXContainerItemProxy */;
		};
		4B411AC42B55BF7F00F9D78C /* PBXTargetDependency */ = {
			isa = PBXTargetDependency;
			target = 4B411AA72B55BF7D00F9D78C /* SportsTracker */;
			targetProxy = 4B411AC32B55BF7F00F9D78C /* PBXContainerItemProxy */;
		};
/* End PBXTargetDependency section */

/* Begin XCBuildConfiguration section */
		4B411ACA2B55BF7F00F9D78C /* Debug */ = {
			isa = XCBuildConfiguration;
			buildSettings = {
				ALWAYS_SEARCH_USER_PATHS = NO;
				ASSETCATALOG_COMPILER_GENERATE_SWIFT_ASSET_SYMBOL_EXTENSIONS = YES;
				CLANG_ANALYZER_NONNULL = YES;
				CLANG_ANALYZER_NUMBER_OBJECT_CONVERSION = YES_AGGRESSIVE;
				CLANG_CXX_LANGUAGE_STANDARD = "gnu++20";
				CLANG_ENABLE_MODULES = YES;
				CLANG_ENABLE_OBJC_ARC = YES;
				CLANG_ENABLE_OBJC_WEAK = YES;
				CLANG_WARN_BLOCK_CAPTURE_AUTORELEASING = YES;
				CLANG_WARN_BOOL_CONVERSION = YES;
				CLANG_WARN_COMMA = YES;
				CLANG_WARN_CONSTANT_CONVERSION = YES;
				CLANG_WARN_DEPRECATED_OBJC_IMPLEMENTATIONS = YES;
				CLANG_WARN_DIRECT_OBJC_ISA_USAGE = YES_ERROR;
				CLANG_WARN_DOCUMENTATION_COMMENTS = YES;
				CLANG_WARN_EMPTY_BODY = YES;
				CLANG_WARN_ENUM_CONVERSION = YES;
				CLANG_WARN_INFINITE_RECURSION = YES;
				CLANG_WARN_INT_CONVERSION = YES;
				CLANG_WARN_NON_LITERAL_NULL_CONVERSION = YES;
				CLANG_WARN_OBJC_IMPLICIT_RETAIN_SELF = YES;
				CLANG_WARN_OBJC_LITERAL_CONVERSION = YES;
				CLANG_WARN_OBJC_ROOT_CLASS = YES_ERROR;
				CLANG_WARN_QUOTED_INCLUDE_IN_FRAMEWORK_HEADER = YES;
				CLANG_WARN_RANGE_LOOP_ANALYSIS = YES;
				CLANG_WARN_STRICT_PROTOTYPES = YES;
				CLANG_WARN_SUSPICIOUS_MOVE = YES;
				CLANG_WARN_UNGUARDED_AVAILABILITY = YES_AGGRESSIVE;
				CLANG_WARN_UNREACHABLE_CODE = YES;
				CLANG_WARN__DUPLICATE_METHOD_MATCH = YES;
				COPY_PHASE_STRIP = NO;
				DEBUG_INFORMATION_FORMAT = dwarf;
				ENABLE_STRICT_OBJC_MSGSEND = YES;
				ENABLE_TESTABILITY = YES;
				ENABLE_USER_SCRIPT_SANDBOXING = YES;
				GCC_C_LANGUAGE_STANDARD = gnu17;
				GCC_DYNAMIC_NO_PIC = NO;
				GCC_NO_COMMON_BLOCKS = YES;
				GCC_OPTIMIZATION_LEVEL = 0;
				GCC_PREPROCESSOR_DEFINITIONS = (
					"DEBUG=1",
					"$(inherited)",
				);
				GCC_WARN_64_TO_32_BIT_CONVERSION = YES;
				GCC_WARN_ABOUT_RETURN_TYPE = YES_ERROR;
				GCC_WARN_UNDECLARED_SELECTOR = YES;
				GCC_WARN_UNINITIALIZED_AUTOS = YES_AGGRESSIVE;
				GCC_WARN_UNUSED_FUNCTION = YES;
				GCC_WARN_UNUSED_VARIABLE = YES;
				IPHONEOS_DEPLOYMENT_TARGET = 17.2;
				LOCALIZATION_PREFERS_STRING_CATALOGS = YES;
				MTL_ENABLE_DEBUG_INFO = INCLUDE_SOURCE;
				MTL_FAST_MATH = YES;
				ONLY_ACTIVE_ARCH = YES;
				SDKROOT = iphoneos;
				SWIFT_ACTIVE_COMPILATION_CONDITIONS = "DEBUG $(inherited)";
				SWIFT_OPTIMIZATION_LEVEL = "-Onone";
			};
			name = Debug;
		};
		4B411ACB2B55BF7F00F9D78C /* Release */ = {
			isa = XCBuildConfiguration;
			buildSettings = {
				ALWAYS_SEARCH_USER_PATHS = NO;
				ASSETCATALOG_COMPILER_GENERATE_SWIFT_ASSET_SYMBOL_EXTENSIONS = YES;
				CLANG_ANALYZER_NONNULL = YES;
				CLANG_ANALYZER_NUMBER_OBJECT_CONVERSION = YES_AGGRESSIVE;
				CLANG_CXX_LANGUAGE_STANDARD = "gnu++20";
				CLANG_ENABLE_MODULES = YES;
				CLANG_ENABLE_OBJC_ARC = YES;
				CLANG_ENABLE_OBJC_WEAK = YES;
				CLANG_WARN_BLOCK_CAPTURE_AUTORELEASING = YES;
				CLANG_WARN_BOOL_CONVERSION = YES;
				CLANG_WARN_COMMA = YES;
				CLANG_WARN_CONSTANT_CONVERSION = YES;
				CLANG_WARN_DEPRECATED_OBJC_IMPLEMENTATIONS = YES;
				CLANG_WARN_DIRECT_OBJC_ISA_USAGE = YES_ERROR;
				CLANG_WARN_DOCUMENTATION_COMMENTS = YES;
				CLANG_WARN_EMPTY_BODY = YES;
				CLANG_WARN_ENUM_CONVERSION = YES;
				CLANG_WARN_INFINITE_RECURSION = YES;
				CLANG_WARN_INT_CONVERSION = YES;
				CLANG_WARN_NON_LITERAL_NULL_CONVERSION = YES;
				CLANG_WARN_OBJC_IMPLICIT_RETAIN_SELF = YES;
				CLANG_WARN_OBJC_LITERAL_CONVERSION = YES;
				CLANG_WARN_OBJC_ROOT_CLASS = YES_ERROR;
				CLANG_WARN_QUOTED_INCLUDE_IN_FRAMEWORK_HEADER = YES;
				CLANG_WARN_RANGE_LOOP_ANALYSIS = YES;
				CLANG_WARN_STRICT_PROTOTYPES = YES;
				CLANG_WARN_SUSPICIOUS_MOVE = YES;
				CLANG_WARN_UNGUARDED_AVAILABILITY = YES_AGGRESSIVE;
				CLANG_WARN_UNREACHABLE_CODE = YES;
				CLANG_WARN__DUPLICATE_METHOD_MATCH = YES;
				COPY_PHASE_STRIP = NO;
				DEBUG_INFORMATION_FORMAT = "dwarf-with-dsym";
				ENABLE_NS_ASSERTIONS = NO;
				ENABLE_STRICT_OBJC_MSGSEND = YES;
				ENABLE_USER_SCRIPT_SANDBOXING = YES;
				GCC_C_LANGUAGE_STANDARD = gnu17;
				GCC_NO_COMMON_BLOCKS = YES;
				GCC_WARN_64_TO_32_BIT_CONVERSION = YES;
				GCC_WARN_ABOUT_RETURN_TYPE = YES_ERROR;
				GCC_WARN_UNDECLARED_SELECTOR = YES;
				GCC_WARN_UNINITIALIZED_AUTOS = YES_AGGRESSIVE;
				GCC_WARN_UNUSED_FUNCTION = YES;
				GCC_WARN_UNUSED_VARIABLE = YES;
				IPHONEOS_DEPLOYMENT_TARGET = 17.2;
				LOCALIZATION_PREFERS_STRING_CATALOGS = YES;
				MTL_ENABLE_DEBUG_INFO = NO;
				MTL_FAST_MATH = YES;
				SDKROOT = iphoneos;
				SWIFT_COMPILATION_MODE = wholemodule;
				VALIDATE_PRODUCT = YES;
			};
			name = Release;
		};
		4B411ACD2B55BF7F00F9D78C /* Debug */ = {
			isa = XCBuildConfiguration;
			buildSettings = {
				ASSETCATALOG_COMPILER_APPICON_NAME = AppIcon;
				ASSETCATALOG_COMPILER_GLOBAL_ACCENT_COLOR_NAME = AccentColor;
				CODE_SIGN_STYLE = Automatic;
				CURRENT_PROJECT_VERSION = 1;
				DEVELOPMENT_ASSET_PATHS = "\"SportsTracker/Preview Content\"";
				DEVELOPMENT_TEAM = P35B4Y38VQ;
				ENABLE_PREVIEWS = YES;
				GENERATE_INFOPLIST_FILE = YES;
				INFOPLIST_KEY_UIApplicationSceneManifest_Generation = YES;
				INFOPLIST_KEY_UIApplicationSupportsIndirectInputEvents = YES;
				INFOPLIST_KEY_UILaunchScreen_Generation = YES;
				INFOPLIST_KEY_UISupportedInterfaceOrientations_iPad = "UIInterfaceOrientationPortrait UIInterfaceOrientationPortraitUpsideDown UIInterfaceOrientationLandscapeLeft UIInterfaceOrientationLandscapeRight";
				INFOPLIST_KEY_UISupportedInterfaceOrientations_iPhone = "UIInterfaceOrientationPortrait UIInterfaceOrientationLandscapeLeft UIInterfaceOrientationLandscapeRight";
				LD_RUNPATH_SEARCH_PATHS = (
					"$(inherited)",
					"@executable_path/Frameworks",
				);
				MARKETING_VERSION = 1.0;
				PRODUCT_BUNDLE_IDENTIFIER = JWaslen.SportsTracker;
				PRODUCT_NAME = "$(TARGET_NAME)";
				SWIFT_EMIT_LOC_STRINGS = YES;
				SWIFT_VERSION = 5.0;
				TARGETED_DEVICE_FAMILY = "1,2";
			};
			name = Debug;
		};
		4B411ACE2B55BF7F00F9D78C /* Release */ = {
			isa = XCBuildConfiguration;
			buildSettings = {
				ASSETCATALOG_COMPILER_APPICON_NAME = AppIcon;
				ASSETCATALOG_COMPILER_GLOBAL_ACCENT_COLOR_NAME = AccentColor;
				CODE_SIGN_STYLE = Automatic;
				CURRENT_PROJECT_VERSION = 1;
				DEVELOPMENT_ASSET_PATHS = "\"SportsTracker/Preview Content\"";
				DEVELOPMENT_TEAM = P35B4Y38VQ;
				ENABLE_PREVIEWS = YES;
				GENERATE_INFOPLIST_FILE = YES;
				INFOPLIST_KEY_UIApplicationSceneManifest_Generation = YES;
				INFOPLIST_KEY_UIApplicationSupportsIndirectInputEvents = YES;
				INFOPLIST_KEY_UILaunchScreen_Generation = YES;
				INFOPLIST_KEY_UISupportedInterfaceOrientations_iPad = "UIInterfaceOrientationPortrait UIInterfaceOrientationPortraitUpsideDown UIInterfaceOrientationLandscapeLeft UIInterfaceOrientationLandscapeRight";
				INFOPLIST_KEY_UISupportedInterfaceOrientations_iPhone = "UIInterfaceOrientationPortrait UIInterfaceOrientationLandscapeLeft UIInterfaceOrientationLandscapeRight";
				LD_RUNPATH_SEARCH_PATHS = (
					"$(inherited)",
					"@executable_path/Frameworks",
				);
				MARKETING_VERSION = 1.0;
				PRODUCT_BUNDLE_IDENTIFIER = JWaslen.SportsTracker;
				PRODUCT_NAME = "$(TARGET_NAME)";
				SWIFT_EMIT_LOC_STRINGS = YES;
				SWIFT_VERSION = 5.0;
				TARGETED_DEVICE_FAMILY = "1,2";
			};
			name = Release;
		};
		4B411AD02B55BF7F00F9D78C /* Debug */ = {
			isa = XCBuildConfiguration;
			buildSettings = {
				ALWAYS_EMBED_SWIFT_STANDARD_LIBRARIES = YES;
				BUNDLE_LOADER = "$(TEST_HOST)";
				CODE_SIGN_STYLE = Automatic;
				CURRENT_PROJECT_VERSION = 1;
				DEVELOPMENT_TEAM = P35B4Y38VQ;
				GENERATE_INFOPLIST_FILE = YES;
				IPHONEOS_DEPLOYMENT_TARGET = 17.2;
				MARKETING_VERSION = 1.0;
				PRODUCT_BUNDLE_IDENTIFIER = JWaslen.SportsTrackerTests;
				PRODUCT_NAME = "$(TARGET_NAME)";
				SWIFT_EMIT_LOC_STRINGS = NO;
				SWIFT_VERSION = 5.0;
				TARGETED_DEVICE_FAMILY = "1,2";
				TEST_HOST = "$(BUILT_PRODUCTS_DIR)/SportsTracker.app/$(BUNDLE_EXECUTABLE_FOLDER_PATH)/SportsTracker";
			};
			name = Debug;
		};
		4B411AD12B55BF7F00F9D78C /* Release */ = {
			isa = XCBuildConfiguration;
			buildSettings = {
				ALWAYS_EMBED_SWIFT_STANDARD_LIBRARIES = YES;
				BUNDLE_LOADER = "$(TEST_HOST)";
				CODE_SIGN_STYLE = Automatic;
				CURRENT_PROJECT_VERSION = 1;
				DEVELOPMENT_TEAM = P35B4Y38VQ;
				GENERATE_INFOPLIST_FILE = YES;
				IPHONEOS_DEPLOYMENT_TARGET = 17.2;
				MARKETING_VERSION = 1.0;
				PRODUCT_BUNDLE_IDENTIFIER = JWaslen.SportsTrackerTests;
				PRODUCT_NAME = "$(TARGET_NAME)";
				SWIFT_EMIT_LOC_STRINGS = NO;
				SWIFT_VERSION = 5.0;
				TARGETED_DEVICE_FAMILY = "1,2";
				TEST_HOST = "$(BUILT_PRODUCTS_DIR)/SportsTracker.app/$(BUNDLE_EXECUTABLE_FOLDER_PATH)/SportsTracker";
			};
			name = Release;
		};
		4B411AD32B55BF7F00F9D78C /* Debug */ = {
			isa = XCBuildConfiguration;
			buildSettings = {
				ALWAYS_EMBED_SWIFT_STANDARD_LIBRARIES = YES;
				CODE_SIGN_STYLE = Automatic;
				CURRENT_PROJECT_VERSION = 1;
				DEVELOPMENT_TEAM = P35B4Y38VQ;
				GENERATE_INFOPLIST_FILE = YES;
				MARKETING_VERSION = 1.0;
				PRODUCT_BUNDLE_IDENTIFIER = JWaslen.SportsTrackerUITests;
				PRODUCT_NAME = "$(TARGET_NAME)";
				SWIFT_EMIT_LOC_STRINGS = NO;
				SWIFT_VERSION = 5.0;
				TARGETED_DEVICE_FAMILY = "1,2";
				TEST_TARGET_NAME = SportsTracker;
			};
			name = Debug;
		};
		4B411AD42B55BF7F00F9D78C /* Release */ = {
			isa = XCBuildConfiguration;
			buildSettings = {
				ALWAYS_EMBED_SWIFT_STANDARD_LIBRARIES = YES;
				CODE_SIGN_STYLE = Automatic;
				CURRENT_PROJECT_VERSION = 1;
				DEVELOPMENT_TEAM = P35B4Y38VQ;
				GENERATE_INFOPLIST_FILE = YES;
				MARKETING_VERSION = 1.0;
				PRODUCT_BUNDLE_IDENTIFIER = JWaslen.SportsTrackerUITests;
				PRODUCT_NAME = "$(TARGET_NAME)";
				SWIFT_EMIT_LOC_STRINGS = NO;
				SWIFT_VERSION = 5.0;
				TARGETED_DEVICE_FAMILY = "1,2";
				TEST_TARGET_NAME = SportsTracker;
			};
			name = Release;
		};
/* End XCBuildConfiguration section */

/* Begin XCConfigurationList section */
		4B411AA32B55BF7D00F9D78C /* Build configuration list for PBXProject "SportsTracker" */ = {
			isa = XCConfigurationList;
			buildConfigurations = (
				4B411ACA2B55BF7F00F9D78C /* Debug */,
				4B411ACB2B55BF7F00F9D78C /* Release */,
			);
			defaultConfigurationIsVisible = 0;
			defaultConfigurationName = Release;
		};
		4B411ACC2B55BF7F00F9D78C /* Build configuration list for PBXNativeTarget "SportsTracker" */ = {
			isa = XCConfigurationList;
			buildConfigurations = (
				4B411ACD2B55BF7F00F9D78C /* Debug */,
				4B411ACE2B55BF7F00F9D78C /* Release */,
			);
			defaultConfigurationIsVisible = 0;
			defaultConfigurationName = Release;
		};
		4B411ACF2B55BF7F00F9D78C /* Build configuration list for PBXNativeTarget "SportsTrackerTests" */ = {
			isa = XCConfigurationList;
			buildConfigurations = (
				4B411AD02B55BF7F00F9D78C /* Debug */,
				4B411AD12B55BF7F00F9D78C /* Release */,
			);
			defaultConfigurationIsVisible = 0;
			defaultConfigurationName = Release;
		};
		4B411AD22B55BF7F00F9D78C /* Build configuration list for PBXNativeTarget "SportsTrackerUITests" */ = {
			isa = XCConfigurationList;
			buildConfigurations = (
				4B411AD32B55BF7F00F9D78C /* Debug */,
				4B411AD42B55BF7F00F9D78C /* Release */,
			);
			defaultConfigurationIsVisible = 0;
			defaultConfigurationName = Release;
		};
/* End XCConfigurationList section */
	};
	rootObject = 4B411AA02B55BF7D00F9D78C /* Project object */;
}
